
Microsoft Visual Studio Solution File, Format Version 12.00
# Visual Studio Version 16
VisualStudioVersion = 16.0.30413.136
MinimumVisualStudioVersion = 10.0.40219.1
Project("{9A19103F-16F7-4668-BE54-9A1E7A4F7556}") = "BartenderApp", "BartenderApp.csproj", "{1CD1E0D9-B25B-4D7F-A3A3-3DA9E9E1CB19}"
EndProject
Global
	GlobalSection(SolutionConfigurationPlatforms) = preSolution
		Debug|Any CPU = Debug|Any CPU
		Release|Any CPU = Release|Any CPU
	EndGlobalSection
	GlobalSection(ProjectConfigurationPlatforms) = postSolution
		{1CD1E0D9-B25B-4D7F-A3A3-3DA9E9E1CB19}.Debug|Any CPU.ActiveCfg = Debug|Any CPU
		{1CD1E0D9-B25B-4D7F-A3A3-3DA9E9E1CB19}.Debug|Any CPU.Build.0 = Debug|Any CPU
		{1CD1E0D9-B25B-4D7F-A3A3-3DA9E9E1CB19}.Release|Any CPU.ActiveCfg = Release|Any CPU
		{1CD1E0D9-B25B-4D7F-A3A3-3DA9E9E1CB19}.Release|Any CPU.Build.0 = Release|Any CPU
	EndGlobalSection
	GlobalSection(SolutionProperties) = preSolution
		HideSolutionNode = FALSE
	EndGlobalSection
	GlobalSection(ExtensibilityGlobals) = postSolution
		SolutionGuid = {82515C44-1F30-4AD0-BFFC-1D0A6C977E79}
	EndGlobalSection
EndGlobal
